
Microsoft Visual Studio Solution File, Format Version 12.00
# Visual Studio 15
VisualStudioVersion = 15.0.28307.572
MinimumVisualStudioVersion = 10.0.40219.1
Project("{FAE04EC0-301F-11D3-BF4B-00C04F79EFBC}") = "FifthClassList", "FifthClassList\FifthClassList.csproj", "{FF9A2DD0-7647-4066-98C5-19EBECA19F5E}"
EndProject
Global
	GlobalSection(SolutionConfigurationPlatforms) = preSolution
		Debug|Any CPU = Debug|Any CPU
		Release|Any CPU = Release|Any CPU
	EndGlobalSection
	GlobalSection(ProjectConfigurationPlatforms) = postSolution
		{FF9A2DD0-7647-4066-98C5-19EBECA19F5E}.Debug|Any CPU.ActiveCfg = Debug|Any CPU
		{FF9A2DD0-7647-4066-98C5-19EBECA19F5E}.Debug|Any CPU.Build.0 = Debug|Any CPU
		{FF9A2DD0-7647-4066-98C5-19EBECA19F5E}.Release|Any CPU.ActiveCfg = Release|Any CPU
		{FF9A2DD0-7647-4066-98C5-19EBECA19F5E}.Release|Any CPU.Build.0 = Release|Any CPU
	EndGlobalSection
	GlobalSection(SolutionProperties) = preSolution
		HideSolutionNode = FALSE
	EndGlobalSection
	GlobalSection(ExtensibilityGlobals) = postSolution
		SolutionGuid = {0577FD4F-0F04-4CE8-AE20-2E3C12F5C573}
	EndGlobalSection
EndGlobal
